{
  "name": "node-red-contrib-renault-ze",
  "version": "0.2.1",
  "lockfileVersion": 1,
  "requires": true,
  "dependencies": {
    "@types/ace": {
      "version": "0.0.47",
      "resolved": "https://registry.npmjs.org/@types/ace/-/ace-0.0.47.tgz",
      "integrity": "sha512-VoMFn09L8avwV0AGIaStj1MCJmgHKiPAGZYnmeHYp4Pz+ov4h/F61LJNFvq4d4K+YZmk0ClWByCDU81kZyCfoA==",
      "dev": true
    },
    "@types/body-parser": {
      "version": "1.19.2",
      "resolved": "https://registry.npmjs.org/@types/body-parser/-/body-parser-1.19.2.tgz",
      "integrity": "sha512-ALYone6pm6QmwZoAgeyNksccT9Q4AWZQ6PvfwR37GT6r6FWUPguq6sUmNGSMV2Wr761oQoBxwGGa6DR5o1DC9g==",
      "dev": true,
      "requires": {
        "@types/connect": "*",
        "@types/node": "*"
      }
    },
    "@types/connect": {
      "version": "3.4.35",
      "resolved": "https://registry.npmjs.org/@types/connect/-/connect-3.4.35.tgz",
      "integrity": "sha512-cdeYyv4KWoEgpBISTxWvqYsVy444DOqehiF3fM3ne10AmJ62RSyNkUnxMJXHQWRQQX2eR94m5y1IZyDwBjV9FQ==",
      "dev": true,
      "requires": {
        "@types/node": "*"
      }
    },
    "@types/cors": {
      "version": "2.8.12",
      "resolved": "https://registry.npmjs.org/@types/cors/-/cors-2.8.12.tgz",
      "integrity": "sha512-vt+kDhq/M2ayberEtJcIN/hxXy1Pk+59g2FV/ZQceeaTyCtCucjL2Q7FXlFjtWn4n15KCr1NE2lNNFhp0lEThw==",
      "dev": true
    },
    "@types/express": {
      "version": "4.17.13",
      "resolved": "https://registry.npmjs.org/@types/express/-/express-4.17.13.tgz",
      "integrity": "sha512-6bSZTPaTIACxn48l50SR+axgrqm6qXFIxrdAKaG6PaJk3+zuUr35hBlgT7vOmJcum+OEaIBLtHV/qloEAFITeA==",
      "dev": true,
      "requires": {
        "@types/body-parser": "*",
        "@types/express-serve-static-core": "^4.17.18",
        "@types/qs": "*",
        "@types/serve-static": "*"
      }
    },
    "@types/express-serve-static-core": {
      "version": "4.17.25",
      "resolved": "https://registry.npmjs.org/@types/express-serve-static-core/-/express-serve-static-core-4.17.25.tgz",
      "integrity": "sha512-OUJIVfRMFijZukGGwTpKNFprqCCXk5WjNGvUgB/CxxBR40QWSjsNK86+yvGKlCOGc7sbwfHLaXhkG+NsytwBaQ==",
      "dev": true,
      "requires": {
        "@types/node": "*",
        "@types/qs": "*",
        "@types/range-parser": "*"
      }
    },
    "@types/isomorphic-fetch": {
      "version": "0.0.36",
      "resolved": "https://registry.npmjs.org/@types/isomorphic-fetch/-/isomorphic-fetch-0.0.36.tgz",
      "integrity": "sha512-ulw4d+vW1HKn4oErSmNN2HYEcHGq0N1C5exlrMM0CRqX1UUpFhGb5lwiom5j9KN3LBJJDLRmYIZz1ghm7FIzZw==",
      "dev": true
    },
    "@types/jquery": {
      "version": "3.5.8",
      "resolved": "https://registry.npmjs.org/@types/jquery/-/jquery-3.5.8.tgz",
      "integrity": "sha512-cXk6NwqjDYg+UI9p2l3x0YmPa4m7RrXqmbK4IpVVpRJiYXU/QTo+UZrn54qfE1+9Gao4qpYqUnxm5ZCy2FTXAw==",
      "dev": true,
      "requires": {
        "@types/sizzle": "*"
      }
    },
    "@types/mime": {
      "version": "1.3.2",
      "resolved": "https://registry.npmjs.org/@types/mime/-/mime-1.3.2.tgz",
      "integrity": "sha512-YATxVxgRqNH6nHEIsvg6k2Boc1JHI9ZbH5iWFFv/MTkchz3b1ieGDa5T0a9RznNdI0KhVbdbWSN+KWWrQZRxTw==",
      "dev": true
    },
    "@types/node": {
      "version": "16.11.7",
      "resolved": "https://registry.npmjs.org/@types/node/-/node-16.11.7.tgz",
      "integrity": "sha512-QB5D2sqfSjCmTuWcBWyJ+/44bcjO7VbjSbOE0ucoVbAsSNQc4Lt6QkgkVXkTDwkL4z/beecZNDvVX15D4P8Jbw==",
      "dev": true
    },
    "@types/node-red": {
      "version": "1.2.0",
      "resolved": "https://registry.npmjs.org/@types/node-red/-/node-red-1.2.0.tgz",
      "integrity": "sha512-+nXKS75ZEmtnSOZ0fQP7zt8vSf2RVqQ/UBFhBHLwPQRv0uQeVS/Fzj6IaQ2YLFoPQAZ7lVQ+ki3ajINNpNlpSg==",
      "dev": true,
      "requires": {
        "@types/express": "*",
        "@types/node-red__editor-api": "*",
        "@types/node-red__editor-client": "*",
        "@types/node-red__registry": "*",
        "@types/node-red__runtime": "*",
        "@types/node-red__util": "*"
      }
    },
    "@types/node-red__editor-api": {
      "version": "1.1.1",
      "resolved": "https://registry.npmjs.org/@types/node-red__editor-api/-/node-red__editor-api-1.1.1.tgz",
      "integrity": "sha512-O7MNsGwNWDY89sPxVjo2zXGfm8bw4owXrD4akp2NmM1cmrj6XvRKEu99Apw/RjZvteBFpxvLSVtOnYYPj4C7wg==",
      "dev": true,
      "requires": {
        "@types/express": "*",
        "@types/node-red__runtime": "*"
      }
    },
    "@types/node-red__editor-client": {
      "version": "1.1.4",
      "resolved": "https://registry.npmjs.org/@types/node-red__editor-client/-/node-red__editor-client-1.1.4.tgz",
      "integrity": "sha512-gLbgDRLxOWQJJ/ZchKdBXzfZQ1exMvyUSZ1NyuWrP+DZmJKrsddArhGgUgBOOE4umSsVM3MjDWTKFvukJ+rG6g==",
      "dev": true,
      "requires": {
        "@types/ace": "*",
        "@types/jquery": "*",
        "@types/node-red__runtime": "*",
        "@types/node-red__util": "*"
      }
    },
    "@types/node-red__registry": {
      "version": "1.2.0",
      "resolved": "https://registry.npmjs.org/@types/node-red__registry/-/node-red__registry-1.2.0.tgz",
      "integrity": "sha512-0YbBTdD06sU24BXapLXzC2I7lY+GU4uVNOiFXciP5RvlbVg2szJBfUfXN5M8/dC1wa1erayDjpetRUTHn8FzJg==",
      "dev": true,
      "requires": {
        "@types/express": "*",
        "@types/node-red__runtime": "*",
        "@types/node-red__util": "*"
      }
    },
    "@types/node-red__runtime": {
      "version": "1.2.0",
      "resolved": "https://registry.npmjs.org/@types/node-red__runtime/-/node-red__runtime-1.2.0.tgz",
      "integrity": "sha512-1jSmhrzsBiW6OaNpyAdXitq0H3Zt2LYFNBhsLQE0LHSp77F26/bni1mFNGnIuo684CT+CX71kP6ZjuMJyeM/bA==",
      "dev": true,
      "requires": {
        "@types/cors": "*",
        "@types/express": "*",
        "@types/node-red__editor-api": "*",
        "@types/node-red__util": "*",
        "@types/passport": "*"
      }
    },
    "@types/node-red__util": {
      "version": "1.2.0",
      "resolved": "https://registry.npmjs.org/@types/node-red__util/-/node-red__util-1.2.0.tgz",
      "integrity": "sha512-jxxznqRl2UhmMimkv7+vvxcsi0fXS1EnTmiuQ2FwplTNvl2Ui+g4K2vbG/Jn/rsLujpM6oyPPjwzKPG1diPqUQ==",
      "dev": true,
      "requires": {
        "@types/node-red__registry": "*",
        "@types/node-red__runtime": "*",
        "jsonata": "1.8.3"
      }
    },
    "@types/passport": {
      "version": "1.0.7",
      "resolved": "https://registry.npmjs.org/@types/passport/-/passport-1.0.7.tgz",
      "integrity": "sha512-JtswU8N3kxBYgo+n9of7C97YQBT+AYPP2aBfNGTzABqPAZnK/WOAaKfh3XesUYMZRrXFuoPc2Hv0/G/nQFveHw==",
      "dev": true,
      "requires": {
        "@types/express": "*"
      }
    },
    "@types/qs": {
      "version": "6.9.7",
      "resolved": "https://registry.npmjs.org/@types/qs/-/qs-6.9.7.tgz",
      "integrity": "sha512-FGa1F62FT09qcrueBA6qYTrJPVDzah9a+493+o2PCXsesWHIn27G98TsSMs3WPNbZIEj4+VJf6saSFpvD+3Zsw==",
      "dev": true
    },
    "@types/range-parser": {
      "version": "1.2.4",
      "resolved": "https://registry.npmjs.org/@types/range-parser/-/range-parser-1.2.4.tgz",
      "integrity": "sha512-EEhsLsD6UsDM1yFhAvy0Cjr6VwmpMWqFBCb9w07wVugF7w9nfajxLuVmngTIpgS6svCnm6Vaw+MZhoDCKnOfsw==",
      "dev": true
    },
    "@types/serve-static": {
      "version": "1.13.10",
      "resolved": "https://registry.npmjs.org/@types/serve-static/-/serve-static-1.13.10.tgz",
      "integrity": "sha512-nCkHGI4w7ZgAdNkrEu0bv+4xNV/XDqW+DydknebMOQwkpDGx8G+HTlj7R7ABI8i8nKxVw0wtKPi1D+lPOkh4YQ==",
      "dev": true,
      "requires": {
        "@types/mime": "^1",
        "@types/node": "*"
      }
    },
    "@types/sizzle": {
      "version": "2.3.3",
      "resolved": "https://registry.npmjs.org/@types/sizzle/-/sizzle-2.3.3.tgz",
      "integrity": "sha512-JYM8x9EGF163bEyhdJBpR2QX1R5naCJHC8ucJylJ3w9/CVBaskdQ8WqBf8MmQrd1kRvp/a4TS8HJ+bxzR7ZJYQ==",
      "dev": true
    },
    "isomorphic-fetch": {
      "version": "3.0.0",
      "resolved": "https://registry.npmjs.org/isomorphic-fetch/-/isomorphic-fetch-3.0.0.tgz",
      "integrity": "sha512-qvUtwJ3j6qwsF3jLxkZ72qCgjMysPzDfeV240JHiGZsANBYd+EEuu35v7dfrJ9Up0Ak07D7GGSkGhCHTqg/5wA==",
      "requires": {
        "node-fetch": "^2.6.1",
        "whatwg-fetch": "^3.4.1"
      }
    },
    "jsonata": {
      "version": "1.8.3",
      "resolved": "https://registry.npmjs.org/jsonata/-/jsonata-1.8.3.tgz",
      "integrity": "sha512-r6ztI6ohbpRo77AxBm6vMs3aHZi2L2PaakW7TCPwSkeGcuAZ/SxXGLWH2Npwqq5+YBM/fg/g0EXg/pI9HvXQ8Q==",
      "dev": true
    },
    "node-fetch": {
      "version": "2.6.7",
      "resolved": "https://registry.npmjs.org/node-fetch/-/node-fetch-2.6.7.tgz",
      "integrity": "sha512-ZjMPFEfVx5j+y2yF35Kzx5sF7kDzxuDj6ziH4FFbOp87zKDZNx8yExJIb05OGF4Nlt9IHFIMBkRl41VdvcNdbQ==",
      "requires": {
        "whatwg-url": "^5.0.0"
      }
    },
    "tr46": {
      "version": "0.0.3",
      "resolved": "https://registry.npmjs.org/tr46/-/tr46-0.0.3.tgz",
      "integrity": "sha1-gYT9NH2snNwYWZLzpmIuFLnZq2o="
    },
    "typescript": {
      "version": "4.6.4",
      "resolved": "https://registry.npmjs.org/typescript/-/typescript-4.6.4.tgz",
      "integrity": "sha512-9ia/jWHIEbo49HfjrLGfKbZSuWo9iTMwXO+Ca3pRsSpbsMbc7/IU8NKdCZVRRBafVPGnoJeFL76ZOAA84I9fEg==",
      "dev": true
    },
    "webidl-conversions": {
      "version": "3.0.1",
      "resolved": "https://registry.npmjs.org/webidl-conversions/-/webidl-conversions-3.0.1.tgz",
      "integrity": "sha1-JFNCdeKnvGvnvIZhHMFq4KVlSHE="
    },
    "whatwg-fetch": {
      "version": "3.5.0",
      "resolved": "https://registry.npmjs.org/whatwg-fetch/-/whatwg-fetch-3.5.0.tgz",
      "integrity": "sha512-jXkLtsR42xhXg7akoDKvKWE40eJeI+2KZqcp2h3NsOrRnDvtWX36KcKl30dy+hxECivdk2BVUHVNrPtoMBUx6A=="
    },
    "whatwg-url": {
      "version": "5.0.0",
      "resolved": "https://registry.npmjs.org/whatwg-url/-/whatwg-url-5.0.0.tgz",
      "integrity": "sha1-lmRU6HZUYuN2RNNib2dCzotwll0=",
      "requires": {
        "tr46": "~0.0.3",
        "webidl-conversions": "^3.0.0"
      }
    }
  }
}
